
Microsoft Visual Studio Solution File, Format Version 12.00
# Visual Studio Version 17
VisualStudioVersion = 17.0.31903.59
MinimumVisualStudioVersion = 10.0.40219.1
Project("{FAE04EC0-301F-11D3-BF4B-00C04F79EFBC}") = "Chronos", "Chronos\Chronos.csproj", "{13E8A854-BBC2-41BB-9DDE-01929A807C6D}"
EndProject
Project("{FAE04EC0-301F-11D3-BF4B-00C04F79EFBC}") = "RandomTest", "RandomTest\RandomTest.csproj", "{655DCF17-BB14-4274-9AAF-F4E262FE2A06}"
EndProject
Project("{FAE04EC0-301F-11D3-BF4B-00C04F79EFBC}") = "RanDice", "RanDice\RanDice.csproj", "{647B3A59-5734-4ACF-9B9E-87C50B7EDE12}"
EndProject
Global
	GlobalSection(SolutionConfigurationPlatforms) = preSolution
		Debug|Any CPU = Debug|Any CPU
		Release|Any CPU = Release|Any CPU
	EndGlobalSection
	GlobalSection(SolutionProperties) = preSolution
		HideSolutionNode = FALSE
	EndGlobalSection
	GlobalSection(ProjectConfigurationPlatforms) = postSolution
		{13E8A854-BBC2-41BB-9DDE-01929A807C6D}.Debug|Any CPU.ActiveCfg = Debug|Any CPU
		{13E8A854-BBC2-41BB-9DDE-01929A807C6D}.Debug|Any CPU.Build.0 = Debug|Any CPU
		{13E8A854-BBC2-41BB-9DDE-01929A807C6D}.Release|Any CPU.ActiveCfg = Release|Any CPU
		{13E8A854-BBC2-41BB-9DDE-01929A807C6D}.Release|Any CPU.Build.0 = Release|Any CPU
		{655DCF17-BB14-4274-9AAF-F4E262FE2A06}.Debug|Any CPU.ActiveCfg = Debug|Any CPU
		{655DCF17-BB14-4274-9AAF-F4E262FE2A06}.Debug|Any CPU.Build.0 = Debug|Any CPU
		{655DCF17-BB14-4274-9AAF-F4E262FE2A06}.Release|Any CPU.ActiveCfg = Release|Any CPU
		{655DCF17-BB14-4274-9AAF-F4E262FE2A06}.Release|Any CPU.Build.0 = Release|Any CPU
		{647B3A59-5734-4ACF-9B9E-87C50B7EDE12}.Debug|Any CPU.ActiveCfg = Debug|Any CPU
		{647B3A59-5734-4ACF-9B9E-87C50B7EDE12}.Debug|Any CPU.Build.0 = Debug|Any CPU
		{647B3A59-5734-4ACF-9B9E-87C50B7EDE12}.Release|Any CPU.ActiveCfg = Release|Any CPU
		{647B3A59-5734-4ACF-9B9E-87C50B7EDE12}.Release|Any CPU.Build.0 = Release|Any CPU
	EndGlobalSection
EndGlobal
